// !$*UTF8*$!
{
	archiveVersion = 1;
	classes = {
	};
	objectVersion = 50;
	objects = {

/* Begin PBXBuildFile section */
		206733B95F8B7670D218D759 /* Pods_Requestformcocoa.framework in Frameworks */ = {isa = PBXBuildFile; fileRef = 6C641BBDE4C9D99D939557B6 /* Pods_Requestformcocoa.framework */; };
		87AC06D52272058F00F50C96 /* AppDelegate.swift in Sources */ = {isa = PBXBuildFile; fileRef = 87AC06D42272058F00F50C96 /* AppDelegate.swift */; };
		87AC06D72272058F00F50C96 /* ViewController.swift in Sources */ = {isa = PBXBuildFile; fileRef = 87AC06D62272058F00F50C96 /* ViewController.swift */; };
		87AC06DA2272058F00F50C96 /* Main.storyboard in Resources */ = {isa = PBXBuildFile; fileRef = 87AC06D82272058F00F50C96 /* Main.storyboard */; };
		87AC06DD2272058F00F50C96 /* Requestformcocoa.xcdatamodeld in Sources */ = {isa = PBXBuildFile; fileRef = 87AC06DB2272058F00F50C96 /* Requestformcocoa.xcdatamodeld */; };
		87AC06DF2272059100F50C96 /* Assets.xcassets in Resources */ = {isa = PBXBuildFile; fileRef = 87AC06DE2272059100F50C96 /* Assets.xcassets */; };
		87AC06E22272059100F50C96 /* LaunchScreen.storyboard in Resources */ = {isa = PBXBuildFile; fileRef = 87AC06E02272059100F50C96 /* LaunchScreen.storyboard */; };
/* End PBXBuildFile section */

/* Begin PBXFileReference section */
		0A62D1F32764B12113FBDB08 /* Pods-Requestformcocoa.debug.xcconfig */ = {isa = PBXFileReference; includeInIndex = 1; lastKnownFileType = text.xcconfig; name = "Pods-Requestformcocoa.debug.xcconfig"; path = "Target Support Files/Pods-Requestformcocoa/Pods-Requestformcocoa.debug.xcconfig"; sourceTree = "<group>"; };
		6C641BBDE4C9D99D939557B6 /* Pods_Requestformcocoa.framework */ = {isa = PBXFileReference; explicitFileType = wrapper.framework; includeInIndex = 0; path = Pods_Requestformcocoa.framework; sourceTree = BUILT_PRODUCTS_DIR; };
		87AC06D12272058F00F50C96 /* Requestformcocoa.app */ = {isa = PBXFileReference; explicitFileType = wrapper.application; includeInIndex = 0; path = Requestformcocoa.app; sourceTree = BUILT_PRODUCTS_DIR; };
		87AC06D42272058F00F50C96 /* AppDelegate.swift */ = {isa = PBXFileReference; lastKnownFileType = sourcecode.swift; path = AppDelegate.swift; sourceTree = "<group>"; };
		87AC06D62272058F00F50C96 /* ViewController.swift */ = {isa = PBXFileReference; lastKnownFileType = sourcecode.swift; path = ViewController.swift; sourceTree = "<group>"; };
		87AC06D92272058F00F50C96 /* Base */ = {isa = PBXFileReference; lastKnownFileType = file.storyboard; name = Base; path = Base.lproj/Main.storyboard; sourceTree = "<group>"; };
		87AC06DC2272058F00F50C96 /* Requestformcocoa.xcdatamodel */ = {isa = PBXFileReference; lastKnownFileType = wrapper.xcdatamodel; path = Requestformcocoa.xcdatamodel; sourceTree = "<group>"; };
		87AC06DE2272059100F50C96 /* Assets.xcassets */ = {isa = PBXFileReference; lastKnownFileType = folder.assetcatalog; path = Assets.xcassets; sourceTree = "<group>"; };
		87AC06E12272059100F50C96 /* Base */ = {isa = PBXFileReference; lastKnownFileType = file.storyboard; name = Base; path = Base.lproj/LaunchScreen.storyboard; sourceTree = "<group>"; };
		87AC06E32272059100F50C96 /* Info.plist */ = {isa = PBXFileReference; lastKnownFileType = text.plist.xml; path = Info.plist; sourceTree = "<group>"; };
		D14034CCAE3EE8FB73476066 /* Pods-Requestformcocoa.release.xcconfig */ = {isa = PBXFileReference; includeInIndex = 1; lastKnownFileType = text.xcconfig; name = "Pods-Requestformcocoa.release.xcconfig"; path = "Target Support Files/Pods-Requestformcocoa/Pods-Requestformcocoa.release.xcconfig"; sourceTree = "<group>"; };
/* End PBXFileReference section */

/* Begin PBXFrameworksBuildPhase section */
		87AC06CE2272058F00F50C96 /* Frameworks */ = {
			isa = PBXFrameworksBuildPhase;
			buildActionMask = 2147483647;
			files = (
				206733B95F8B7670D218D759 /* Pods_Requestformcocoa.framework in Frameworks */,
			);
			runOnlyForDeploymentPostprocessing = 0;
		};
/* End PBXFrameworksBuildPhase section */

/* Begin PBXGroup section */
		5880529D880542148A657598 /* Pods */ = {
			isa = PBXGroup;
			children = (
				0A62D1F32764B12113FBDB08 /* Pods-Requestformcocoa.debug.xcconfig */,
				D14034CCAE3EE8FB73476066 /* Pods-Requestformcocoa.release.xcconfig */,
			);
			path = Pods;
			sourceTree = "<group>";
		};
		87AC06C82272058F00F50C96 = {
			isa = PBXGroup;
			children = (
				87AC06D32272058F00F50C96 /* Requestformcocoa */,
				87AC06D22272058F00F50C96 /* Products */,
				5880529D880542148A657598 /* Pods */,
				E5DE384F39FF817C4989B5EF /* Frameworks */,
			);
			sourceTree = "<group>";
		};
		87AC06D22272058F00F50C96 /* Products */ = {
			isa = PBXGroup;
			children = (
				87AC06D12272058F00F50C96 /* Requestformcocoa.app */,
			);
			name = Products;
			sourceTree = "<group>";
		};
		87AC06D32272058F00F50C96 /* Requestformcocoa */ = {
			isa = PBXGroup;
			children = (
				87AC06D42272058F00F50C96 /* AppDelegate.swift */,
				87AC06D62272058F00F50C96 /* ViewController.swift */,
				87AC06D82272058F00F50C96 /* Main.storyboard */,
				87AC06DE2272059100F50C96 /* Assets.xcassets */,
				87AC06E02272059100F50C96 /* LaunchScreen.storyboard */,
				87AC06E32272059100F50C96 /* Info.plist */,
				87AC06DB2272058F00F50C96 /* Requestformcocoa.xcdatamodeld */,
			);
			path = Requestformcocoa;
			sourceTree = "<group>";
		};
		E5DE384F39FF817C4989B5EF /* Frameworks */ = {
			isa = PBXGroup;
			children = (
				6C641BBDE4C9D99D939557B6 /* Pods_Requestformcocoa.framework */,
			);
			name = Frameworks;
			sourceTree = "<group>";
		};
/* End PBXGroup section */

/* Begin PBXNativeTarget section */
		87AC06D02272058F00F50C96 /* Requestformcocoa */ = {
			isa = PBXNativeTarget;
			buildConfigurationList = 87AC06E62272059100F50C96 /* Build configuration list for PBXNativeTarget "Requestformcocoa" */;
			buildPhases = (
				A6081A2B1D872EF549ECF107 /* [CP] Check Pods Manifest.lock */,
				87AC06CD2272058F00F50C96 /* Sources */,
				87AC06CE2272058F00F50C96 /* Frameworks */,
				87AC06CF2272058F00F50C96 /* Resources */,
				012CFDD93FF38B8727043FD3 /* [CP] Embed Pods Frameworks */,
			);
			buildRules = (
			);
			dependencies = (
			);
			name = Requestformcocoa;
			productName = Requestformcocoa;
			productReference = 87AC06D12272058F00F50C96 /* Requestformcocoa.app */;
			productType = "com.apple.product-type.application";
		};
/* End PBXNativeTarget section */

/* Begin PBXProject section */
		87AC06C92272058F00F50C96 /* Project object */ = {
			isa = PBXProject;
			attributes = {
				LastSwiftUpdateCheck = 1010;
				LastUpgradeCheck = 1010;
				ORGANIZATIONNAME = "Cate School";
				TargetAttributes = {
					87AC06D02272058F00F50C96 = {
						CreatedOnToolsVersion = 10.1;
					};
				};
			};
			buildConfigurationList = 87AC06CC2272058F00F50C96 /* Build configuration list for PBXProject "Requestformcocoa" */;
			compatibilityVersion = "Xcode 9.3";
			developmentRegion = en;
			hasScannedForEncodings = 0;
			knownRegions = (
				en,
				Base,
			);
			mainGroup = 87AC06C82272058F00F50C96;
			productRefGroup = 87AC06D22272058F00F50C96 /* Products */;
			projectDirPath = "";
			projectRoot = "";
			targets = (
				87AC06D02272058F00F50C96 /* Requestformcocoa */,
			);
		};
/* End PBXProject section */

/* Begin PBXResourcesBuildPhase section */
		87AC06CF2272058F00F50C96 /* Resources */ = {
			isa = PBXResourcesBuildPhase;
			buildActionMask = 2147483647;
			files = (
				87AC06E22272059100F50C96 /* LaunchScreen.storyboard in Resources */,
				87AC06DF2272059100F50C96 /* Assets.xcassets in Resources */,
				87AC06DA2272058F00F50C96 /* Main.storyboard in Resources */,
			);
			runOnlyForDeploymentPostprocessing = 0;
		};
/* End PBXResourcesBuildPhase section */

/* Begin PBXShellScriptBuildPhase section */
		012CFDD93FF38B8727043FD3 /* [CP] Embed Pods Frameworks */ = {
			isa = PBXShellScriptBuildPhase;
			buildActionMask = 2147483647;
			files = (
			);
			inputFileListPaths = (
			);
			inputPaths = (
				"${PODS_ROOT}/Target Support Files/Pods-Requestformcocoa/Pods-Requestformcocoa-frameworks.sh",
				"${BUILT_PRODUCTS_DIR}/SwiftSignatureView/SwiftSignatureView.framework",
			);
			name = "[CP] Embed Pods Frameworks";
			outputFileListPaths = (
			);
			outputPaths = (
				"${TARGET_BUILD_DIR}/${FRAMEWORKS_FOLDER_PATH}/SwiftSignatureView.framework",
			);
			runOnlyForDeploymentPostprocessing = 0;
			shellPath = /bin/sh;
			shellScript = "\"${PODS_ROOT}/Target Support Files/Pods-Requestformcocoa/Pods-Requestformcocoa-frameworks.sh\"\n";
			showEnvVarsInLog = 0;
		};
		A6081A2B1D872EF549ECF107 /* [CP] Check Pods Manifest.lock */ = {
			isa = PBXShellScriptBuildPhase;
			buildActionMask = 2147483647;
			files = (
			);
			inputFileListPaths = (
			);
			inputPaths = (
				"${PODS_PODFILE_DIR_PATH}/Podfile.lock",
				"${PODS_ROOT}/Manifest.lock",
			);
			name = "[CP] Check Pods Manifest.lock";
			outputFileListPaths = (
			);
			outputPaths = (
				"$(DERIVED_FILE_DIR)/Pods-Requestformcocoa-checkManifestLockResult.txt",
			);
			runOnlyForDeploymentPostprocessing = 0;
			shellPath = /bin/sh;
			shellScript = "diff \"${PODS_PODFILE_DIR_PATH}/Podfile.lock\" \"${PODS_ROOT}/Manifest.lock\" > /dev/null\nif [ $? != 0 ] ; then\n    # print error to STDERR\n    echo \"error: The sandbox is not in sync with the Podfile.lock. Run 'pod install' or update your CocoaPods installation.\" >&2\n    exit 1\nfi\n# This output is used by Xcode 'outputs' to avoid re-running this script phase.\necho \"SUCCESS\" > \"${SCRIPT_OUTPUT_FILE_0}\"\n";
			showEnvVarsInLog = 0;
		};
/* End PBXShellScriptBuildPhase section */

/* Begin PBXSourcesBuildPhase section */
		87AC06CD2272058F00F50C96 /* Sources */ = {
			isa = PBXSourcesBuildPhase;
			buildActionMask = 2147483647;
			files = (
				87AC06D72272058F00F50C96 /* ViewController.swift in Sources */,
				87AC06D52272058F00F50C96 /* AppDelegate.swift in Sources */,
				87AC06DD2272058F00F50C96 /* Requestformcocoa.xcdatamodeld in Sources */,
			);
			runOnlyForDeploymentPostprocessing = 0;
		};
/* End PBXSourcesBuildPhase section */

/* Begin PBXVariantGroup section */
		87AC06D82272058F00F50C96 /* Main.storyboard */ = {
			isa = PBXVariantGroup;
			children = (
				87AC06D92272058F00F50C96 /* Base */,
			);
			name = Main.storyboard;
			sourceTree = "<group>";
		};
		87AC06E02272059100F50C96 /* LaunchScreen.storyboard */ = {
			isa = PBXVariantGroup;
			children = (
				87AC06E12272059100F50C96 /* Base */,
			);
			name = LaunchScreen.storyboard;
			sourceTree = "<group>";
		};
/* End PBXVariantGroup section */

/* Begin XCBuildConfiguration section */
		87AC06E42272059100F50C96 /* Debug */ = {
			isa = XCBuildConfiguration;
			buildSettings = {
				ALWAYS_SEARCH_USER_PATHS = NO;
				CLANG_ANALYZER_NONNULL = YES;
				CLANG_ANALYZER_NUMBER_OBJECT_CONVERSION = YES_AGGRESSIVE;
				CLANG_CXX_LANGUAGE_STANDARD = "gnu++14";
				CLANG_CXX_LIBRARY = "libc++";
				CLANG_ENABLE_MODULES = YES;
				CLANG_ENABLE_OBJC_ARC = YES;
				CLANG_ENABLE_OBJC_WEAK = YES;
				CLANG_WARN_BLOCK_CAPTURE_AUTORELEASING = YES;
				CLANG_WARN_BOOL_CONVERSION = YES;
				CLANG_WARN_COMMA = YES;
				CLANG_WARN_CONSTANT_CONVERSION = YES;
				CLANG_WARN_DEPRECATED_OBJC_IMPLEMENTATIONS = YES;
				CLANG_WARN_DIRECT_OBJC_ISA_USAGE = YES_ERROR;
				CLANG_WARN_DOCUMENTATION_COMMENTS = YES;
				CLANG_WARN_EMPTY_BODY = YES;
				CLANG_WARN_ENUM_CONVERSION = YES;
				CLANG_WARN_INFINITE_RECURSION = YES;
				CLANG_WARN_INT_CONVERSION = YES;
				CLANG_WARN_NON_LITERAL_NULL_CONVERSION = YES;
				CLANG_WARN_OBJC_IMPLICIT_RETAIN_SELF = YES;
				CLANG_WARN_OBJC_LITERAL_CONVERSION = YES;
				CLANG_WARN_OBJC_ROOT_CLASS = YES_ERROR;
				CLANG_WARN_RANGE_LOOP_ANALYSIS = YES;
				CLANG_WARN_STRICT_PROTOTYPES = YES;
				CLANG_WARN_SUSPICIOUS_MOVE = YES;
				CLANG_WARN_UNGUARDED_AVAILABILITY = YES_AGGRESSIVE;
				CLANG_WARN_UNREACHABLE_CODE = YES;
				CLANG_WARN__DUPLICATE_METHOD_MATCH = YES;
				CODE_SIGN_IDENTITY = "iPhone Developer";
				COPY_PHASE_STRIP = NO;
				DEBUG_INFORMATION_FORMAT = dwarf;
				ENABLE_STRICT_OBJC_MSGSEND = YES;
				ENABLE_TESTABILITY = YES;
				GCC_C_LANGUAGE_STANDARD = gnu11;
				GCC_DYNAMIC_NO_PIC = NO;
				GCC_NO_COMMON_BLOCKS = YES;
				GCC_OPTIMIZATION_LEVEL = 0;
				GCC_PREPROCESSOR_DEFINITIONS = (
					"DEBUG=1",
					"$(inherited)",
				);
				GCC_WARN_64_TO_32_BIT_CONVERSION = YES;
				GCC_WARN_ABOUT_RETURN_TYPE = YES_ERROR;
				GCC_WARN_UNDECLARED_SELECTOR = YES;
				GCC_WARN_UNINITIALIZED_AUTOS = YES_AGGRESSIVE;
				GCC_WARN_UNUSED_FUNCTION = YES;
				GCC_WARN_UNUSED_VARIABLE = YES;
				IPHONEOS_DEPLOYMENT_TARGET = 12.1;
				MTL_ENABLE_DEBUG_INFO = INCLUDE_SOURCE;
				MTL_FAST_MATH = YES;
				ONLY_ACTIVE_ARCH = YES;
				SDKROOT = iphoneos;
				SWIFT_ACTIVE_COMPILATION_CONDITIONS = DEBUG;
				SWIFT_OPTIMIZATION_LEVEL = "-Onone";
			};
			name = Debug;
		};
		87AC06E52272059100F50C96 /* Release */ = {
			isa = XCBuildConfiguration;
			buildSettings = {
				ALWAYS_SEARCH_USER_PATHS = NO;
				CLANG_ANALYZER_NONNULL = YES;
				CLANG_ANALYZER_NUMBER_OBJECT_CONVERSION = YES_AGGRESSIVE;
				CLANG_CXX_LANGUAGE_STANDARD = "gnu++14";
				CLANG_CXX_LIBRARY = "libc++";
				CLANG_ENABLE_MODULES = YES;
				CLANG_ENABLE_OBJC_ARC = YES;
				CLANG_ENABLE_OBJC_WEAK = YES;
				CLANG_WARN_BLOCK_CAPTURE_AUTORELEASING = YES;
				CLANG_WARN_BOOL_CONVERSION = YES;
				CLANG_WARN_COMMA = YES;
				CLANG_WARN_CONSTANT_CONVERSION = YES;
				CLANG_WARN_DEPRECATED_OBJC_IMPLEMENTATIONS = YES;
				CLANG_WARN_DIRECT_OBJC_ISA_USAGE = YES_ERROR;
				CLANG_WARN_DOCUMENTATION_COMMENTS = YES;
				CLANG_WARN_EMPTY_BODY = YES;
				CLANG_WARN_ENUM_CONVERSION = YES;
				CLANG_WARN_INFINITE_RECURSION = YES;
				CLANG_WARN_INT_CONVERSION = YES;
				CLANG_WARN_NON_LITERAL_NULL_CONVERSION = YES;
				CLANG_WARN_OBJC_IMPLICIT_RETAIN_SELF = YES;
				CLANG_WARN_OBJC_LITERAL_CONVERSION = YES;
				CLANG_WARN_OBJC_ROOT_CLASS = YES_ERROR;
				CLANG_WARN_RANGE_LOOP_ANALYSIS = YES;
				CLANG_WARN_STRICT_PROTOTYPES = YES;
				CLANG_WARN_SUSPICIOUS_MOVE = YES;
				CLANG_WARN_UNGUARDED_AVAILABILITY = YES_AGGRESSIVE;
				CLANG_WARN_UNREACHABLE_CODE = YES;
				CLANG_WARN__DUPLICATE_METHOD_MATCH = YES;
				CODE_SIGN_IDENTITY = "iPhone Developer";
				COPY_PHASE_STRIP = NO;
				DEBUG_INFORMATION_FORMAT = "dwarf-with-dsym";
				ENABLE_NS_ASSERTIONS = NO;
				ENABLE_STRICT_OBJC_MSGSEND = YES;
				GCC_C_LANGUAGE_STANDARD = gnu11;
				GCC_NO_COMMON_BLOCKS = YES;
				GCC_WARN_64_TO_32_BIT_CONVERSION = YES;
				GCC_WARN_ABOUT_RETURN_TYPE = YES_ERROR;
				GCC_WARN_UNDECLARED_SELECTOR = YES;
				GCC_WARN_UNINITIALIZED_AUTOS = YES_AGGRESSIVE;
				GCC_WARN_UNUSED_FUNCTION = YES;
				GCC_WARN_UNUSED_VARIABLE = YES;
				IPHONEOS_DEPLOYMENT_TARGET = 12.1;
				MTL_ENABLE_DEBUG_INFO = NO;
				MTL_FAST_MATH = YES;
				SDKROOT = iphoneos;
				SWIFT_COMPILATION_MODE = wholemodule;
				SWIFT_OPTIMIZATION_LEVEL = "-O";
				VALIDATE_PRODUCT = YES;
			};
			name = Release;
		};
		87AC06E72272059100F50C96 /* Debug */ = {
			isa = XCBuildConfiguration;
			baseConfigurationReference = 0A62D1F32764B12113FBDB08 /* Pods-Requestformcocoa.debug.xcconfig */;
			buildSettings = {
				ASSETCATALOG_COMPILER_APPICON_NAME = AppIcon;
				CODE_SIGN_STYLE = Automatic;
				DEVELOPMENT_TEAM = MG7THTDP39;
				INFOPLIST_FILE = Requestformcocoa/Info.plist;
				LD_RUNPATH_SEARCH_PATHS = (
					"$(inherited)",
					"@executable_path/Frameworks",
				);
				PRODUCT_BUNDLE_IDENTIFIER = org.cate.cs.forms;
				PRODUCT_NAME = "$(TARGET_NAME)";
				SWIFT_VERSION = 4.2;
				TARGETED_DEVICE_FAMILY = "1,2";
			};
			name = Debug;
		};
		87AC06E82272059100F50C96 /* Release */ = {
			isa = XCBuildConfiguration;
			baseConfigurationReference = D14034CCAE3EE8FB73476066 /* Pods-Requestformcocoa.release.xcconfig */;
			buildSettings = {
				ASSETCATALOG_COMPILER_APPICON_NAME = AppIcon;
				CODE_SIGN_STYLE = Automatic;
				DEVELOPMENT_TEAM = MG7THTDP39;
				INFOPLIST_FILE = Requestformcocoa/Info.plist;
				LD_RUNPATH_SEARCH_PATHS = (
					"$(inherited)",
					"@executable_path/Frameworks",
				);
				PRODUCT_BUNDLE_IDENTIFIER = org.cate.cs.forms;
				PRODUCT_NAME = "$(TARGET_NAME)";
				SWIFT_VERSION = 4.2;
				TARGETED_DEVICE_FAMILY = "1,2";
			};
			name = Release;
		};
/* End XCBuildConfiguration section */

/* Begin XCConfigurationList section */
		87AC06CC2272058F00F50C96 /* Build configuration list for PBXProject "Requestformcocoa" */ = {
			isa = XCConfigurationList;
			buildConfigurations = (
				87AC06E42272059100F50C96 /* Debug */,
				87AC06E52272059100F50C96 /* Release */,
			);
			defaultConfigurationIsVisible = 0;
			defaultConfigurationName = Release;
		};
		87AC06E62272059100F50C96 /* Build configuration list for PBXNativeTarget "Requestformcocoa" */ = {
			isa = XCConfigurationList;
			buildConfigurations = (
				87AC06E72272059100F50C96 /* Debug */,
				87AC06E82272059100F50C96 /* Release */,
			);
			defaultConfigurationIsVisible = 0;
			defaultConfigurationName = Release;
		};
/* End XCConfigurationList section */

/* Begin XCVersionGroup section */
		87AC06DB2272058F00F50C96 /* Requestformcocoa.xcdatamodeld */ = {
			isa = XCVersionGroup;
			children = (
				87AC06DC2272058F00F50C96 /* Requestformcocoa.xcdatamodel */,
			);
			currentVersion = 87AC06DC2272058F00F50C96 /* Requestformcocoa.xcdatamodel */;
			path = Requestformcocoa.xcdatamodeld;
			sourceTree = "<group>";
			versionGroupType = wrapper.xcdatamodel;
		};
/* End XCVersionGroup section */
	};
	rootObject = 87AC06C92272058F00F50C96 /* Project object */;
}
