PODS:
  - SwiftSignatureView (2.0.2)

DEPENDENCIES:
  - SwiftSignatureView (~> 2.0)

SPEC REPOS:
  https://github.com/cocoapods/specs.git:
    - SwiftSignatureView

SPEC CHECKSUMS:
  SwiftSignatureView: f9ea7317c6c5520b21190e499fbb859ae85c4e55

PODFILE CHECKSUM: eb9cdd0241914189c14cb312e46b690fe0e336c7

COCOAPODS: 1.6.1
